
Microsoft Visual Studio Solution File, Format Version 12.00
Project("{FAE04EC0-301F-11D3-BF4B-00C04F79EFBC}") = "TurTools.SecretAbstractions", "TurTools.SecretAbstractions\TurTools.SecretAbstractions.csproj", "{AB2CAB15-0399-4A90-B7D2-6EA65CFA5CAC}"
EndProject
Project("{2150E333-8FDC-42A3-9474-1A3956D46DE8}") = "Shared", "Shared", "{92CB6508-0E36-4BA2-ACA1-779F3C47378E}"
EndProject
Project("{FAE04EC0-301F-11D3-BF4B-00C04F79EFBC}") = "TurTools.SecretAbstractions.Tests", "TurTools.SecretAbstractions.Tests\TurTools.SecretAbstractions.Tests.csproj", "{B7A84BE7-303F-4C64-93EC-DFB9BE1CF3EF}"
EndProject
Project("{FAE04EC0-301F-11D3-BF4B-00C04F79EFBC}") = "TurTools.Utilities", "TurTools.Utilities\TurTools.Utilities.csproj", "{12728D8E-300C-4D55-AFDB-122B621FC46C}"
EndProject
Project("{FAE04EC0-301F-11D3-BF4B-00C04F79EFBC}") = "TurTools.Utilities.Tests", "TurTools.Utilities.Tests\TurTools.Utilities.Tests.csproj", "{DB7D8C34-598D-4E6A-9AC7-8508228AC042}"
EndProject
Global
	GlobalSection(SolutionConfigurationPlatforms) = preSolution
		Debug|Any CPU = Debug|Any CPU
		Release|Any CPU = Release|Any CPU
	EndGlobalSection
	GlobalSection(ProjectConfigurationPlatforms) = postSolution
		{AB2CAB15-0399-4A90-B7D2-6EA65CFA5CAC}.Debug|Any CPU.ActiveCfg = Debug|Any CPU
		{AB2CAB15-0399-4A90-B7D2-6EA65CFA5CAC}.Debug|Any CPU.Build.0 = Debug|Any CPU
		{AB2CAB15-0399-4A90-B7D2-6EA65CFA5CAC}.Release|Any CPU.ActiveCfg = Release|Any CPU
		{AB2CAB15-0399-4A90-B7D2-6EA65CFA5CAC}.Release|Any CPU.Build.0 = Release|Any CPU
		{B7A84BE7-303F-4C64-93EC-DFB9BE1CF3EF}.Debug|Any CPU.ActiveCfg = Debug|Any CPU
		{B7A84BE7-303F-4C64-93EC-DFB9BE1CF3EF}.Debug|Any CPU.Build.0 = Debug|Any CPU
		{B7A84BE7-303F-4C64-93EC-DFB9BE1CF3EF}.Release|Any CPU.ActiveCfg = Release|Any CPU
		{B7A84BE7-303F-4C64-93EC-DFB9BE1CF3EF}.Release|Any CPU.Build.0 = Release|Any CPU
		{12728D8E-300C-4D55-AFDB-122B621FC46C}.Debug|Any CPU.ActiveCfg = Debug|Any CPU
		{12728D8E-300C-4D55-AFDB-122B621FC46C}.Debug|Any CPU.Build.0 = Debug|Any CPU
		{12728D8E-300C-4D55-AFDB-122B621FC46C}.Release|Any CPU.ActiveCfg = Release|Any CPU
		{12728D8E-300C-4D55-AFDB-122B621FC46C}.Release|Any CPU.Build.0 = Release|Any CPU
		{DB7D8C34-598D-4E6A-9AC7-8508228AC042}.Debug|Any CPU.ActiveCfg = Debug|Any CPU
		{DB7D8C34-598D-4E6A-9AC7-8508228AC042}.Debug|Any CPU.Build.0 = Debug|Any CPU
		{DB7D8C34-598D-4E6A-9AC7-8508228AC042}.Release|Any CPU.ActiveCfg = Release|Any CPU
		{DB7D8C34-598D-4E6A-9AC7-8508228AC042}.Release|Any CPU.Build.0 = Release|Any CPU
	EndGlobalSection
EndGlobal
